// !$*UTF8*$!
{
	archiveVersion = 1;
	classes = {
	};
	objectVersion = 77;
	objects = {

/* Begin PBXContainerItemProxy section */
		45F417A72E5B805900EC6D5F /* PBXContainerItemProxy */ = {
			isa = PBXContainerItemProxy;
			containerPortal = 45F417902E5B805700EC6D5F /* Project object */;
			proxyType = 1;
			remoteGlobalIDString = 45F417972E5B805700EC6D5F;
			remoteInfo = pinboard;
		};
		45F417B12E5B805900EC6D5F /* PBXContainerItemProxy */ = {
			isa = PBXContainerItemProxy;
			containerPortal = 45F417902E5B805700EC6D5F /* Project object */;
			proxyType = 1;
			remoteGlobalIDString = 45F417972E5B805700EC6D5F;
			remoteInfo = pinboard;
		};
/* End PBXContainerItemProxy section */

/* Begin PBXFileReference section */
		45F417982E5B805700EC6D5F /* pinboard.app */ = {isa = PBXFileReference; explicitFileType = wrapper.application; includeInIndex = 0; path = pinboard.app; sourceTree = BUILT_PRODUCTS_DIR; };
		45F417A62E5B805900EC6D5F /* pinboardTests.xctest */ = {isa = PBXFileReference; explicitFileType = wrapper.cfbundle; includeInIndex = 0; path = pinboardTests.xctest; sourceTree = BUILT_PRODUCTS_DIR; };
		45F417B02E5B805900EC6D5F /* pinboardUITests.xctest */ = {isa = PBXFileReference; explicitFileType = wrapper.cfbundle; includeInIndex = 0; path = pinboardUITests.xctest; sourceTree = BUILT_PRODUCTS_DIR; };
/* End PBXFileReference section */

/* Begin PBXFileSystemSynchronizedRootGroup section */
		45F4179A2E5B805700EC6D5F /* pinboard */ = {
			isa = PBXFileSystemSynchronizedRootGroup;
			path = pinboard;
			sourceTree = "<group>";
		};
		45F417A92E5B805900EC6D5F /* pinboardTests */ = {
			isa = PBXFileSystemSynchronizedRootGroup;
			path = pinboardTests;
			sourceTree = "<group>";
		};
		45F417B32E5B805900EC6D5F /* pinboardUITests */ = {
			isa = PBXFileSystemSynchronizedRootGroup;
			path = pinboardUITests;
			sourceTree = "<group>";
		};
/* End PBXFileSystemSynchronizedRootGroup section */

/* Begin PBXFrameworksBuildPhase section */
		45F417952E5B805700EC6D5F /* Frameworks */ = {
			isa = PBXFrameworksBuildPhase;
			buildActionMask = 2147483647;
			files = (
			);
			runOnlyForDeploymentPostprocessing = 0;
		};
		45F417A32E5B805900EC6D5F /* Frameworks */ = {
			isa = PBXFrameworksBuildPhase;
			buildActionMask = 2147483647;
			files = (
			);
			runOnlyForDeploymentPostprocessing = 0;
		};
		45F417AD2E5B805900EC6D5F /* Frameworks */ = {
			isa = PBXFrameworksBuildPhase;
			buildActionMask = 2147483647;
			files = (
			);
			runOnlyForDeploymentPostprocessing = 0;
		};
/* End PBXFrameworksBuildPhase section */

/* Begin PBXGroup section */
		45F4178F2E5B805700EC6D5F = {
			isa = PBXGroup;
			children = (
				45F4179A2E5B805700EC6D5F /* pinboard */,
				45F417A92E5B805900EC6D5F /* pinboardTests */,
				45F417B32E5B805900EC6D5F /* pinboardUITests */,
				45F417992E5B805700EC6D5F /* Products */,
			);
			sourceTree = "<group>";
		};
		45F417992E5B805700EC6D5F /* Products */ = {
			isa = PBXGroup;
			children = (
				45F417982E5B805700EC6D5F /* pinboard.app */,
				45F417A62E5B805900EC6D5F /* pinboardTests.xctest */,
				45F417B02E5B805900EC6D5F /* pinboardUITests.xctest */,
			);
			name = Products;
			sourceTree = "<group>";
		};
/* End PBXGroup section */

/* Begin PBXNativeTarget section */
		45F417972E5B805700EC6D5F /* pinboard */ = {
			isa = PBXNativeTarget;
			buildConfigurationList = 45F417BA2E5B805900EC6D5F /* Build configuration list for PBXNativeTarget "pinboard" */;
			buildPhases = (
				45F417942E5B805700EC6D5F /* Sources */,
				45F417952E5B805700EC6D5F /* Frameworks */,
				45F417962E5B805700EC6D5F /* Resources */,
			);
			buildRules = (
			);
			dependencies = (
			);
			fileSystemSynchronizedGroups = (
				45F4179A2E5B805700EC6D5F /* pinboard */,
			);
			name = pinboard;
			packageProductDependencies = (
			);
			productName = pinboard;
			productReference = 45F417982E5B805700EC6D5F /* pinboard.app */;
			productType = "com.apple.product-type.application";
		};
		45F417A52E5B805900EC6D5F /* pinboardTests */ = {
			isa = PBXNativeTarget;
			buildConfigurationList = 45F417BD2E5B805900EC6D5F /* Build configuration list for PBXNativeTarget "pinboardTests" */;
			buildPhases = (
				45F417A22E5B805900EC6D5F /* Sources */,
				45F417A32E5B805900EC6D5F /* Frameworks */,
				45F417A42E5B805900EC6D5F /* Resources */,
			);
			buildRules = (
			);
			dependencies = (
				45F417A82E5B805900EC6D5F /* PBXTargetDependency */,
			);
			fileSystemSynchronizedGroups = (
				45F417A92E5B805900EC6D5F /* pinboardTests */,
			);
			name = pinboardTests;
			packageProductDependencies = (
			);
			productName = pinboardTests;
			productReference = 45F417A62E5B805900EC6D5F /* pinboardTests.xctest */;
			productType = "com.apple.product-type.bundle.unit-test";
		};
		45F417AF2E5B805900EC6D5F /* pinboardUITests */ = {
			isa = PBXNativeTarget;
			buildConfigurationList = 45F417C02E5B805900EC6D5F /* Build configuration list for PBXNativeTarget "pinboardUITests" */;
			buildPhases = (
				45F417AC2E5B805900EC6D5F /* Sources */,
				45F417AD2E5B805900EC6D5F /* Frameworks */,
				45F417AE2E5B805900EC6D5F /* Resources */,
			);
			buildRules = (
			);
			dependencies = (
				45F417B22E5B805900EC6D5F /* PBXTargetDependency */,
			);
			fileSystemSynchronizedGroups = (
				45F417B32E5B805900EC6D5F /* pinboardUITests */,
			);
			name = pinboardUITests;
			packageProductDependencies = (
			);
			productName = pinboardUITests;
			productReference = 45F417B02E5B805900EC6D5F /* pinboardUITests.xctest */;
			productType = "com.apple.product-type.bundle.ui-testing";
		};
/* End PBXNativeTarget section */

/* Begin PBXProject section */
		45F417902E5B805700EC6D5F /* Project object */ = {
			isa = PBXProject;
			attributes = {
				BuildIndependentTargetsInParallel = 1;
				LastSwiftUpdateCheck = 1640;
				LastUpgradeCheck = 1640;
				TargetAttributes = {
					45F417972E5B805700EC6D5F = {
						CreatedOnToolsVersion = 16.4;
					};
					45F417A52E5B805900EC6D5F = {
						CreatedOnToolsVersion = 16.4;
						TestTargetID = 45F417972E5B805700EC6D5F;
					};
					45F417AF2E5B805900EC6D5F = {
						CreatedOnToolsVersion = 16.4;
						TestTargetID = 45F417972E5B805700EC6D5F;
					};
				};
			};
			buildConfigurationList = 45F417932E5B805700EC6D5F /* Build configuration list for PBXProject "pinboard" */;
			developmentRegion = en;
			hasScannedForEncodings = 0;
			knownRegions = (
				en,
				Base,
			);
			mainGroup = 45F4178F2E5B805700EC6D5F;
			minimizedProjectReferenceProxies = 1;
			preferredProjectObjectVersion = 77;
			productRefGroup = 45F417992E5B805700EC6D5F /* Products */;
			projectDirPath = "";
			projectRoot = "";
			targets = (
				45F417972E5B805700EC6D5F /* pinboard */,
				45F417A52E5B805900EC6D5F /* pinboardTests */,
				45F417AF2E5B805900EC6D5F /* pinboardUITests */,
			);
		};
/* End PBXProject section */

/* Begin PBXResourcesBuildPhase section */
		45F417962E5B805700EC6D5F /* Resources */ = {
			isa = PBXResourcesBuildPhase;
			buildActionMask = 2147483647;
			files = (
			);
			runOnlyForDeploymentPostprocessing = 0;
		};
		45F417A42E5B805900EC6D5F /* Resources */ = {
			isa = PBXResourcesBuildPhase;
			buildActionMask = 2147483647;
			files = (
			);
			runOnlyForDeploymentPostprocessing = 0;
		};
		45F417AE2E5B805900EC6D5F /* Resources */ = {
			isa = PBXResourcesBuildPhase;
			buildActionMask = 2147483647;
			files = (
			);
			runOnlyForDeploymentPostprocessing = 0;
		};
/* End PBXResourcesBuildPhase section */

/* Begin PBXSourcesBuildPhase section */
		45F417942E5B805700EC6D5F /* Sources */ = {
			isa = PBXSourcesBuildPhase;
			buildActionMask = 2147483647;
			files = (
			);
			runOnlyForDeploymentPostprocessing = 0;
		};
		45F417A22E5B805900EC6D5F /* Sources */ = {
			isa = PBXSourcesBuildPhase;
			buildActionMask = 2147483647;
			files = (
			);
			runOnlyForDeploymentPostprocessing = 0;
		};
		45F417AC2E5B805900EC6D5F /* Sources */ = {
			isa = PBXSourcesBuildPhase;
			buildActionMask = 2147483647;
			files = (
			);
			runOnlyForDeploymentPostprocessing = 0;
		};
/* End PBXSourcesBuildPhase section */

/* Begin PBXTargetDependency section */
		45F417A82E5B805900EC6D5F /* PBXTargetDependency */ = {
			isa = PBXTargetDependency;
			target = 45F417972E5B805700EC6D5F /* pinboard */;
			targetProxy = 45F417A72E5B805900EC6D5F /* PBXContainerItemProxy */;
		};
		45F417B22E5B805900EC6D5F /* PBXTargetDependency */ = {
			isa = PBXTargetDependency;
			target = 45F417972E5B805700EC6D5F /* pinboard */;
			targetProxy = 45F417B12E5B805900EC6D5F /* PBXContainerItemProxy */;
		};
/* End PBXTargetDependency section */

/* Begin XCBuildConfiguration section */
		45F417B82E5B805900EC6D5F /* Debug */ = {
			isa = XCBuildConfiguration;
			buildSettings = {
				ALWAYS_SEARCH_USER_PATHS = NO;
				ASSETCATALOG_COMPILER_GENERATE_SWIFT_ASSET_SYMBOL_EXTENSIONS = YES;
				CLANG_ANALYZER_NONNULL = YES;
				CLANG_ANALYZER_NUMBER_OBJECT_CONVERSION = YES_AGGRESSIVE;
				CLANG_CXX_LANGUAGE_STANDARD = "gnu++20";
				CLANG_ENABLE_MODULES = YES;
				CLANG_ENABLE_OBJC_ARC = YES;
				CLANG_ENABLE_OBJC_WEAK = YES;
				CLANG_WARN_BLOCK_CAPTURE_AUTORELEASING = YES;
				CLANG_WARN_BOOL_CONVERSION = YES;
				CLANG_WARN_COMMA = YES;
				CLANG_WARN_CONSTANT_CONVERSION = YES;
				CLANG_WARN_DEPRECATED_OBJC_IMPLEMENTATIONS = YES;
				CLANG_WARN_DIRECT_OBJC_ISA_USAGE = YES_ERROR;
				CLANG_WARN_DOCUMENTATION_COMMENTS = YES;
				CLANG_WARN_EMPTY_BODY = YES;
				CLANG_WARN_ENUM_CONVERSION = YES;
				CLANG_WARN_INFINITE_RECURSION = YES;
				CLANG_WARN_INT_CONVERSION = YES;
				CLANG_WARN_NON_LITERAL_NULL_CONVERSION = YES;
				CLANG_WARN_OBJC_IMPLICIT_RETAIN_SELF = YES;
				CLANG_WARN_OBJC_LITERAL_CONVERSION = YES;
				CLANG_WARN_OBJC_ROOT_CLASS = YES_ERROR;
				CLANG_WARN_QUOTED_INCLUDE_IN_FRAMEWORK_HEADER = YES;
				CLANG_WARN_RANGE_LOOP_ANALYSIS = YES;
				CLANG_WARN_STRICT_PROTOTYPES = YES;
				CLANG_WARN_SUSPICIOUS_MOVE = YES;
				CLANG_WARN_UNGUARDED_AVAILABILITY = YES_AGGRESSIVE;
				CLANG_WARN_UNREACHABLE_CODE = YES;
				CLANG_WARN__DUPLICATE_METHOD_MATCH = YES;
				COPY_PHASE_STRIP = NO;
				DEBUG_INFORMATION_FORMAT = dwarf;
				ENABLE_STRICT_OBJC_MSGSEND = YES;
				ENABLE_TESTABILITY = YES;
				ENABLE_USER_SCRIPT_SANDBOXING = YES;
				GCC_C_LANGUAGE_STANDARD = gnu17;
				GCC_DYNAMIC_NO_PIC = NO;
				GCC_NO_COMMON_BLOCKS = YES;
				GCC_OPTIMIZATION_LEVEL = 0;
				GCC_PREPROCESSOR_DEFINITIONS = (
					"DEBUG=1",
					"$(inherited)",
				);
				GCC_WARN_64_TO_32_BIT_CONVERSION = YES;
				GCC_WARN_ABOUT_RETURN_TYPE = YES_ERROR;
				GCC_WARN_UNDECLARED_SELECTOR = YES;
				GCC_WARN_UNINITIALIZED_AUTOS = YES_AGGRESSIVE;
				GCC_WARN_UNUSED_FUNCTION = YES;
				GCC_WARN_UNUSED_VARIABLE = YES;
				LOCALIZATION_PREFERS_STRING_CATALOGS = YES;
				MACOSX_DEPLOYMENT_TARGET = 15.5;
				MTL_ENABLE_DEBUG_INFO = INCLUDE_SOURCE;
				MTL_FAST_MATH = YES;
				ONLY_ACTIVE_ARCH = YES;
				SDKROOT = macosx;
				SWIFT_ACTIVE_COMPILATION_CONDITIONS = "DEBUG $(inherited)";
				SWIFT_OPTIMIZATION_LEVEL = "-Onone";
			};
			name = Debug;
		};
		45F417B92E5B805900EC6D5F /* Release */ = {
			isa = XCBuildConfiguration;
			buildSettings = {
				ALWAYS_SEARCH_USER_PATHS = NO;
				ASSETCATALOG_COMPILER_GENERATE_SWIFT_ASSET_SYMBOL_EXTENSIONS = YES;
				CLANG_ANALYZER_NONNULL = YES;
				CLANG_ANALYZER_NUMBER_OBJECT_CONVERSION = YES_AGGRESSIVE;
				CLANG_CXX_LANGUAGE_STANDARD = "gnu++20";
				CLANG_ENABLE_MODULES = YES;
				CLANG_ENABLE_OBJC_ARC = YES;
				CLANG_ENABLE_OBJC_WEAK = YES;
				CLANG_WARN_BLOCK_CAPTURE_AUTORELEASING = YES;
				CLANG_WARN_BOOL_CONVERSION = YES;
				CLANG_WARN_COMMA = YES;
				CLANG_WARN_CONSTANT_CONVERSION = YES;
				CLANG_WARN_DEPRECATED_OBJC_IMPLEMENTATIONS = YES;
				CLANG_WARN_DIRECT_OBJC_ISA_USAGE = YES_ERROR;
				CLANG_WARN_DOCUMENTATION_COMMENTS = YES;
				CLANG_WARN_EMPTY_BODY = YES;
				CLANG_WARN_ENUM_CONVERSION = YES;
				CLANG_WARN_INFINITE_RECURSION = YES;
				CLANG_WARN_INT_CONVERSION = YES;
				CLANG_WARN_NON_LITERAL_NULL_CONVERSION = YES;
				CLANG_WARN_OBJC_IMPLICIT_RETAIN_SELF = YES;
				CLANG_WARN_OBJC_LITERAL_CONVERSION = YES;
				CLANG_WARN_OBJC_ROOT_CLASS = YES_ERROR;
				CLANG_WARN_QUOTED_INCLUDE_IN_FRAMEWORK_HEADER = YES;
				CLANG_WARN_RANGE_LOOP_ANALYSIS = YES;
				CLANG_WARN_STRICT_PROTOTYPES = YES;
				CLANG_WARN_SUSPICIOUS_MOVE = YES;
				CLANG_WARN_UNGUARDED_AVAILABILITY = YES_AGGRESSIVE;
				CLANG_WARN_UNREACHABLE_CODE = YES;
				CLANG_WARN__DUPLICATE_METHOD_MATCH = YES;
				COPY_PHASE_STRIP = NO;
				DEBUG_INFORMATION_FORMAT = "dwarf-with-dsym";
				ENABLE_NS_ASSERTIONS = NO;
				ENABLE_STRICT_OBJC_MSGSEND = YES;
				ENABLE_USER_SCRIPT_SANDBOXING = YES;
				GCC_C_LANGUAGE_STANDARD = gnu17;
				GCC_NO_COMMON_BLOCKS = YES;
				GCC_WARN_64_TO_32_BIT_CONVERSION = YES;
				GCC_WARN_ABOUT_RETURN_TYPE = YES_ERROR;
				GCC_WARN_UNDECLARED_SELECTOR = YES;
				GCC_WARN_UNINITIALIZED_AUTOS = YES_AGGRESSIVE;
				GCC_WARN_UNUSED_FUNCTION = YES;
				GCC_WARN_UNUSED_VARIABLE = YES;
				LOCALIZATION_PREFERS_STRING_CATALOGS = YES;
				MACOSX_DEPLOYMENT_TARGET = 15.5;
				MTL_ENABLE_DEBUG_INFO = NO;
				MTL_FAST_MATH = YES;
				SDKROOT = macosx;
				SWIFT_COMPILATION_MODE = wholemodule;
			};
			name = Release;
		};
		45F417BB2E5B805900EC6D5F /* Debug */ = {
			isa = XCBuildConfiguration;
			buildSettings = {
				ASSETCATALOG_COMPILER_APPICON_NAME = AppIcon;
				ASSETCATALOG_COMPILER_GLOBAL_ACCENT_COLOR_NAME = AccentColor;
				CODE_SIGN_ENTITLEMENTS = pinboard/pinboard.entitlements;
				CODE_SIGN_STYLE = Automatic;
				COMBINE_HIDPI_IMAGES = YES;
				CURRENT_PROJECT_VERSION = 1;
				DEVELOPMENT_TEAM = 59TZA322W2;
				ENABLE_PREVIEWS = YES;
				GENERATE_INFOPLIST_FILE = YES;
				INFOPLIST_KEY_NSHumanReadableCopyright = "";
				LD_RUNPATH_SEARCH_PATHS = (
					"$(inherited)",
					"@executable_path/../Frameworks",
				);
				MARKETING_VERSION = 1.0;
				PRODUCT_BUNDLE_IDENTIFIER = com.OgAeons.pinboard;
				PRODUCT_NAME = "$(TARGET_NAME)";
				REGISTER_APP_GROUPS = YES;
				SWIFT_EMIT_LOC_STRINGS = YES;
				SWIFT_VERSION = 5.0;
			};
			name = Debug;
		};
		45F417BC2E5B805900EC6D5F /* Release */ = {
			isa = XCBuildConfiguration;
			buildSettings = {
				ASSETCATALOG_COMPILER_APPICON_NAME = AppIcon;
				ASSETCATALOG_COMPILER_GLOBAL_ACCENT_COLOR_NAME = AccentColor;
				CODE_SIGN_ENTITLEMENTS = pinboard/pinboard.entitlements;
				CODE_SIGN_STYLE = Automatic;
				COMBINE_HIDPI_IMAGES = YES;
				CURRENT_PROJECT_VERSION = 1;
				DEVELOPMENT_TEAM = 59TZA322W2;
				ENABLE_PREVIEWS = YES;
				GENERATE_INFOPLIST_FILE = YES;
				INFOPLIST_KEY_NSHumanReadableCopyright = "";
				LD_RUNPATH_SEARCH_PATHS = (
					"$(inherited)",
					"@executable_path/../Frameworks",
				);
				MARKETING_VERSION = 1.0;
				PRODUCT_BUNDLE_IDENTIFIER = com.OgAeons.pinboard;
				PRODUCT_NAME = "$(TARGET_NAME)";
				REGISTER_APP_GROUPS = YES;
				SWIFT_EMIT_LOC_STRINGS = YES;
				SWIFT_VERSION = 5.0;
			};
			name = Release;
		};
		45F417BE2E5B805900EC6D5F /* Debug */ = {
			isa = XCBuildConfiguration;
			buildSettings = {
				BUNDLE_LOADER = "$(TEST_HOST)";
				CODE_SIGN_STYLE = Automatic;
				CURRENT_PROJECT_VERSION = 1;
				GENERATE_INFOPLIST_FILE = YES;
				MACOSX_DEPLOYMENT_TARGET = 15.5;
				MARKETING_VERSION = 1.0;
				PRODUCT_BUNDLE_IDENTIFIER = com.atharvaphatak.pinboardTests;
				PRODUCT_NAME = "$(TARGET_NAME)";
				SWIFT_EMIT_LOC_STRINGS = NO;
				SWIFT_VERSION = 5.0;
				TEST_HOST = "$(BUILT_PRODUCTS_DIR)/pinboard.app/$(BUNDLE_EXECUTABLE_FOLDER_PATH)/pinboard";
			};
			name = Debug;
		};
		45F417BF2E5B805900EC6D5F /* Release */ = {
			isa = XCBuildConfiguration;
			buildSettings = {
				BUNDLE_LOADER = "$(TEST_HOST)";
				CODE_SIGN_STYLE = Automatic;
				CURRENT_PROJECT_VERSION = 1;
				GENERATE_INFOPLIST_FILE = YES;
				MACOSX_DEPLOYMENT_TARGET = 15.5;
				MARKETING_VERSION = 1.0;
				PRODUCT_BUNDLE_IDENTIFIER = com.atharvaphatak.pinboardTests;
				PRODUCT_NAME = "$(TARGET_NAME)";
				SWIFT_EMIT_LOC_STRINGS = NO;
				SWIFT_VERSION = 5.0;
				TEST_HOST = "$(BUILT_PRODUCTS_DIR)/pinboard.app/$(BUNDLE_EXECUTABLE_FOLDER_PATH)/pinboard";
			};
			name = Release;
		};
		45F417C12E5B805900EC6D5F /* Debug */ = {
			isa = XCBuildConfiguration;
			buildSettings = {
				CODE_SIGN_STYLE = Automatic;
				CURRENT_PROJECT_VERSION = 1;
				GENERATE_INFOPLIST_FILE = YES;
				MARKETING_VERSION = 1.0;
				PRODUCT_BUNDLE_IDENTIFIER = com.atharvaphatak.pinboardUITests;
				PRODUCT_NAME = "$(TARGET_NAME)";
				SWIFT_EMIT_LOC_STRINGS = NO;
				SWIFT_VERSION = 5.0;
				TEST_TARGET_NAME = pinboard;
			};
			name = Debug;
		};
		45F417C22E5B805900EC6D5F /* Release */ = {
			isa = XCBuildConfiguration;
			buildSettings = {
				CODE_SIGN_STYLE = Automatic;
				CURRENT_PROJECT_VERSION = 1;
				GENERATE_INFOPLIST_FILE = YES;
				MARKETING_VERSION = 1.0;
				PRODUCT_BUNDLE_IDENTIFIER = com.atharvaphatak.pinboardUITests;
				PRODUCT_NAME = "$(TARGET_NAME)";
				SWIFT_EMIT_LOC_STRINGS = NO;
				SWIFT_VERSION = 5.0;
				TEST_TARGET_NAME = pinboard;
			};
			name = Release;
		};
/* End XCBuildConfiguration section */

/* Begin XCConfigurationList section */
		45F417932E5B805700EC6D5F /* Build configuration list for PBXProject "pinboard" */ = {
			isa = XCConfigurationList;
			buildConfigurations = (
				45F417B82E5B805900EC6D5F /* Debug */,
				45F417B92E5B805900EC6D5F /* Release */,
			);
			defaultConfigurationIsVisible = 0;
			defaultConfigurationName = Release;
		};
		45F417BA2E5B805900EC6D5F /* Build configuration list for PBXNativeTarget "pinboard" */ = {
			isa = XCConfigurationList;
			buildConfigurations = (
				45F417BB2E5B805900EC6D5F /* Debug */,
				45F417BC2E5B805900EC6D5F /* Release */,
			);
			defaultConfigurationIsVisible = 0;
			defaultConfigurationName = Release;
		};
		45F417BD2E5B805900EC6D5F /* Build configuration list for PBXNativeTarget "pinboardTests" */ = {
			isa = XCConfigurationList;
			buildConfigurations = (
				45F417BE2E5B805900EC6D5F /* Debug */,
				45F417BF2E5B805900EC6D5F /* Release */,
			);
			defaultConfigurationIsVisible = 0;
			defaultConfigurationName = Release;
		};
		45F417C02E5B805900EC6D5F /* Build configuration list for PBXNativeTarget "pinboardUITests" */ = {
			isa = XCConfigurationList;
			buildConfigurations = (
				45F417C12E5B805900EC6D5F /* Debug */,
				45F417C22E5B805900EC6D5F /* Release */,
			);
			defaultConfigurationIsVisible = 0;
			defaultConfigurationName = Release;
		};
/* End XCConfigurationList section */
	};
	rootObject = 45F417902E5B805700EC6D5F /* Project object */;
}
